
Microsoft Visual Studio Solution File, Format Version 12.00
# Visual Studio 15
VisualStudioVersion = 15.0.28010.2026
MinimumVisualStudioVersion = 10.0.40219.1
Project("{FAE04EC0-301F-11D3-BF4B-00C04F79EFBC}") = "CodeGenerate", "GenerateCode\CodeGenerate.csproj", "{330B6F7E-EE46-487C-982B-1F8B3DCEA84F}"
EndProject
Project("{FAE04EC0-301F-11D3-BF4B-00C04F79EFBC}") = "ConsoleApp2", "ConsoleApp2\ConsoleApp2.csproj", "{1CF5C064-6809-4049-A3B6-8B29A3E0D05F}"
EndProject
Global
	GlobalSection(SolutionConfigurationPlatforms) = preSolution
		Debug|Any CPU = Debug|Any CPU
		Release|Any CPU = Release|Any CPU
	EndGlobalSection
	GlobalSection(ProjectConfigurationPlatforms) = postSolution
		{330B6F7E-EE46-487C-982B-1F8B3DCEA84F}.Debug|Any CPU.ActiveCfg = Debug|Any CPU
		{330B6F7E-EE46-487C-982B-1F8B3DCEA84F}.Debug|Any CPU.Build.0 = Debug|Any CPU
		{330B6F7E-EE46-487C-982B-1F8B3DCEA84F}.Release|Any CPU.ActiveCfg = Release|Any CPU
		{330B6F7E-EE46-487C-982B-1F8B3DCEA84F}.Release|Any CPU.Build.0 = Release|Any CPU
		{1CF5C064-6809-4049-A3B6-8B29A3E0D05F}.Debug|Any CPU.ActiveCfg = Debug|Any CPU
		{1CF5C064-6809-4049-A3B6-8B29A3E0D05F}.Debug|Any CPU.Build.0 = Debug|Any CPU
		{1CF5C064-6809-4049-A3B6-8B29A3E0D05F}.Release|Any CPU.ActiveCfg = Release|Any CPU
		{1CF5C064-6809-4049-A3B6-8B29A3E0D05F}.Release|Any CPU.Build.0 = Release|Any CPU
	EndGlobalSection
	GlobalSection(SolutionProperties) = preSolution
		HideSolutionNode = FALSE
	EndGlobalSection
	GlobalSection(ExtensibilityGlobals) = postSolution
		SolutionGuid = {4184DDF4-4088-4C73-87E3-E2EC224B873C}
	EndGlobalSection
EndGlobal
